
Microsoft Visual Studio Solution File, Format Version 12.00
# Visual Studio Version 17
VisualStudioVersion = 17.14.36212.18 d17.14
MinimumVisualStudioVersion = 10.0.40219.1
Project("{2150E333-8FDC-42A3-9474-1A3956D46DE8}") = "SalesService", "SalesService", "{02EA681E-C7D8-13C7-8484-4AC65E1B71E8}"
EndProject
Project("{FAE04EC0-301F-11D3-BF4B-00C04F79EFBC}") = "Sales.Application", "Sales.Application\Sales.Application.csproj", "{EFA47416-11A2-4BC3-AA06-949B300DE365}"
EndProject
Project("{FAE04EC0-301F-11D3-BF4B-00C04F79EFBC}") = "Sales.Domain", "Sales.Domain\Sales.Domain.csproj", "{55CF2AAD-1D68-45BB-BD2A-15F30362532B}"
EndProject
Project("{FAE04EC0-301F-11D3-BF4B-00C04F79EFBC}") = "Sales.Infra", "Sales.Infra\Sales.Infra.csproj", "{8C27F126-5033-4C3D-A575-385ED7B30190}"
EndProject
Project("{2150E333-8FDC-42A3-9474-1A3956D46DE8}") = "StockService", "StockService", "{B78D0B8D-06F5-4747-8481-884E0852DC63}"
EndProject
Project("{FAE04EC0-301F-11D3-BF4B-00C04F79EFBC}") = "Stock.Domain", "Stock.Domain\Stock.Domain.csproj", "{E977975C-452A-4C3A-A6DF-B5DEB2938E05}"
EndProject
Project("{FAE04EC0-301F-11D3-BF4B-00C04F79EFBC}") = "Stock.Application", "Stock.Application\Stock.Application.csproj", "{4358E8AC-EF8A-4F0B-8C60-9724F6F999D5}"
EndProject
Project("{FAE04EC0-301F-11D3-BF4B-00C04F79EFBC}") = "Stock.Infra", "Stock.Infra\Stock.Infra.csproj", "{C23F00A9-F5D3-4D20-BAE3-47435AB96631}"
EndProject
Project("{FAE04EC0-301F-11D3-BF4B-00C04F79EFBC}") = "Sales.WebAPI", "Sales.WebAPI\Sales.WebAPI.csproj", "{8A3C9802-14BD-4B51-B6AE-1AF76581EB2B}"
EndProject
Project("{FAE04EC0-301F-11D3-BF4B-00C04F79EFBC}") = "Stock.WebAPI", "Stock.WebAPI\Stock.WebAPI.csproj", "{9F1351EB-7F68-4AE2-B024-F8E8A1154854}"
EndProject
Global
	GlobalSection(SolutionConfigurationPlatforms) = preSolution
		Debug|Any CPU = Debug|Any CPU
		Release|Any CPU = Release|Any CPU
	EndGlobalSection
	GlobalSection(ProjectConfigurationPlatforms) = postSolution
		{EFA47416-11A2-4BC3-AA06-949B300DE365}.Debug|Any CPU.ActiveCfg = Debug|Any CPU
		{EFA47416-11A2-4BC3-AA06-949B300DE365}.Debug|Any CPU.Build.0 = Debug|Any CPU
		{EFA47416-11A2-4BC3-AA06-949B300DE365}.Release|Any CPU.ActiveCfg = Release|Any CPU
		{EFA47416-11A2-4BC3-AA06-949B300DE365}.Release|Any CPU.Build.0 = Release|Any CPU
		{55CF2AAD-1D68-45BB-BD2A-15F30362532B}.Debug|Any CPU.ActiveCfg = Debug|Any CPU
		{55CF2AAD-1D68-45BB-BD2A-15F30362532B}.Debug|Any CPU.Build.0 = Debug|Any CPU
		{55CF2AAD-1D68-45BB-BD2A-15F30362532B}.Release|Any CPU.ActiveCfg = Release|Any CPU
		{55CF2AAD-1D68-45BB-BD2A-15F30362532B}.Release|Any CPU.Build.0 = Release|Any CPU
		{8C27F126-5033-4C3D-A575-385ED7B30190}.Debug|Any CPU.ActiveCfg = Debug|Any CPU
		{8C27F126-5033-4C3D-A575-385ED7B30190}.Debug|Any CPU.Build.0 = Debug|Any CPU
		{8C27F126-5033-4C3D-A575-385ED7B30190}.Release|Any CPU.ActiveCfg = Release|Any CPU
		{8C27F126-5033-4C3D-A575-385ED7B30190}.Release|Any CPU.Build.0 = Release|Any CPU
		{E977975C-452A-4C3A-A6DF-B5DEB2938E05}.Debug|Any CPU.ActiveCfg = Debug|Any CPU
		{E977975C-452A-4C3A-A6DF-B5DEB2938E05}.Debug|Any CPU.Build.0 = Debug|Any CPU
		{E977975C-452A-4C3A-A6DF-B5DEB2938E05}.Release|Any CPU.ActiveCfg = Release|Any CPU
		{E977975C-452A-4C3A-A6DF-B5DEB2938E05}.Release|Any CPU.Build.0 = Release|Any CPU
		{4358E8AC-EF8A-4F0B-8C60-9724F6F999D5}.Debug|Any CPU.ActiveCfg = Debug|Any CPU
		{4358E8AC-EF8A-4F0B-8C60-9724F6F999D5}.Debug|Any CPU.Build.0 = Debug|Any CPU
		{4358E8AC-EF8A-4F0B-8C60-9724F6F999D5}.Release|Any CPU.ActiveCfg = Release|Any CPU
		{4358E8AC-EF8A-4F0B-8C60-9724F6F999D5}.Release|Any CPU.Build.0 = Release|Any CPU
		{C23F00A9-F5D3-4D20-BAE3-47435AB96631}.Debug|Any CPU.ActiveCfg = Debug|Any CPU
		{C23F00A9-F5D3-4D20-BAE3-47435AB96631}.Debug|Any CPU.Build.0 = Debug|Any CPU
		{C23F00A9-F5D3-4D20-BAE3-47435AB96631}.Release|Any CPU.ActiveCfg = Release|Any CPU
		{C23F00A9-F5D3-4D20-BAE3-47435AB96631}.Release|Any CPU.Build.0 = Release|Any CPU
		{8A3C9802-14BD-4B51-B6AE-1AF76581EB2B}.Debug|Any CPU.ActiveCfg = Debug|Any CPU
		{8A3C9802-14BD-4B51-B6AE-1AF76581EB2B}.Debug|Any CPU.Build.0 = Debug|Any CPU
		{8A3C9802-14BD-4B51-B6AE-1AF76581EB2B}.Release|Any CPU.ActiveCfg = Release|Any CPU
		{8A3C9802-14BD-4B51-B6AE-1AF76581EB2B}.Release|Any CPU.Build.0 = Release|Any CPU
		{9F1351EB-7F68-4AE2-B024-F8E8A1154854}.Debug|Any CPU.ActiveCfg = Debug|Any CPU
		{9F1351EB-7F68-4AE2-B024-F8E8A1154854}.Debug|Any CPU.Build.0 = Debug|Any CPU
		{9F1351EB-7F68-4AE2-B024-F8E8A1154854}.Release|Any CPU.ActiveCfg = Release|Any CPU
		{9F1351EB-7F68-4AE2-B024-F8E8A1154854}.Release|Any CPU.Build.0 = Release|Any CPU
	EndGlobalSection
	GlobalSection(SolutionProperties) = preSolution
		HideSolutionNode = FALSE
	EndGlobalSection
	GlobalSection(NestedProjects) = preSolution
		{EFA47416-11A2-4BC3-AA06-949B300DE365} = {02EA681E-C7D8-13C7-8484-4AC65E1B71E8}
		{55CF2AAD-1D68-45BB-BD2A-15F30362532B} = {02EA681E-C7D8-13C7-8484-4AC65E1B71E8}
		{8C27F126-5033-4C3D-A575-385ED7B30190} = {02EA681E-C7D8-13C7-8484-4AC65E1B71E8}
		{E977975C-452A-4C3A-A6DF-B5DEB2938E05} = {B78D0B8D-06F5-4747-8481-884E0852DC63}
		{4358E8AC-EF8A-4F0B-8C60-9724F6F999D5} = {B78D0B8D-06F5-4747-8481-884E0852DC63}
		{C23F00A9-F5D3-4D20-BAE3-47435AB96631} = {B78D0B8D-06F5-4747-8481-884E0852DC63}
		{8A3C9802-14BD-4B51-B6AE-1AF76581EB2B} = {02EA681E-C7D8-13C7-8484-4AC65E1B71E8}
		{9F1351EB-7F68-4AE2-B024-F8E8A1154854} = {B78D0B8D-06F5-4747-8481-884E0852DC63}
	EndGlobalSection
	GlobalSection(ExtensibilityGlobals) = postSolution
		SolutionGuid = {5E639098-202F-4B34-9B75-5FAB7F2C894A}
	EndGlobalSection
EndGlobal
