
Microsoft Visual Studio Solution File, Format Version 12.00
# Visual Studio Version 17
VisualStudioVersion = 17.14.36212.18
MinimumVisualStudioVersion = 10.0.40219.1
Project("{2150E333-8FDC-42A3-9474-1A3956D46DE8}") = "SalesService", "SalesService", "{02EA681E-C7D8-13C7-8484-4AC65E1B71E8}"
EndProject
Project("{FAE04EC0-301F-11D3-BF4B-00C04F79EFBC}") = "Sales.Application", "Sales.Application\Sales.Application.csproj", "{EFA47416-11A2-4BC3-AA06-949B300DE365}"
EndProject
Project("{FAE04EC0-301F-11D3-BF4B-00C04F79EFBC}") = "Sales.Domain", "Sales.Domain\Sales.Domain.csproj", "{55CF2AAD-1D68-45BB-BD2A-15F30362532B}"
EndProject
Project("{FAE04EC0-301F-11D3-BF4B-00C04F79EFBC}") = "Sales.Infra", "Sales.Infra\Sales.Infra.csproj", "{8C27F126-5033-4C3D-A575-385ED7B30190}"
EndProject
Project("{2150E333-8FDC-42A3-9474-1A3956D46DE8}") = "StockService", "StockService", "{B78D0B8D-06F5-4747-8481-884E0852DC63}"
EndProject
Project("{FAE04EC0-301F-11D3-BF4B-00C04F79EFBC}") = "Stock.Domain", "Stock.Domain\Stock.Domain.csproj", "{E977975C-452A-4C3A-A6DF-B5DEB2938E05}"
EndProject
Project("{FAE04EC0-301F-11D3-BF4B-00C04F79EFBC}") = "Stock.Application", "Stock.Application\Stock.Application.csproj", "{4358E8AC-EF8A-4F0B-8C60-9724F6F999D5}"
EndProject
Project("{FAE04EC0-301F-11D3-BF4B-00C04F79EFBC}") = "Stock.Infra", "Stock.Infra\Stock.Infra.csproj", "{C23F00A9-F5D3-4D20-BAE3-47435AB96631}"
EndProject
Project("{FAE04EC0-301F-11D3-BF4B-00C04F79EFBC}") = "Sales.WebAPI", "Sales.WebAPI\Sales.WebAPI.csproj", "{8A3C9802-14BD-4B51-B6AE-1AF76581EB2B}"
EndProject
Project("{FAE04EC0-301F-11D3-BF4B-00C04F79EFBC}") = "Stock.WebAPI", "Stock.WebAPI\Stock.WebAPI.csproj", "{9F1351EB-7F68-4AE2-B024-F8E8A1154854}"
EndProject
Project("{2150E333-8FDC-42A3-9474-1A3956D46DE8}") = "Solution Items", "Solution Items", "{8EC462FD-D22E-90A8-E5CE-7E832BA40C5D}"
	ProjectSection(SolutionItems) = preProject
		.gitattributes = .gitattributes
		.gitignore = .gitignore
		docker-compose.yaml = docker-compose.yaml
		LICENSE.txt = LICENSE.txt
		observability\otel-collector-config.yml = observability\otel-collector-config.yml
		observability\prometheus.yml = observability\prometheus.yml
		observability\promtail-config.yml = observability\promtail-config.yml
		README.md = README.md
	EndProjectSection
EndProject
Project("{2150E333-8FDC-42A3-9474-1A3956D46DE8}") = "kong", "kong", "{413C1C84-AA1E-4445-AE8D-0E2E429F7E55}"
	ProjectSection(SolutionItems) = preProject
		kong\kong.yml = kong\kong.yml
	EndProjectSection
EndProject
Project("{2150E333-8FDC-42A3-9474-1A3956D46DE8}") = "AuthService", "AuthService", "{A05B3C5D-8008-43E9-A0E0-7AF7338445E1}"
EndProject
Project("{FAE04EC0-301F-11D3-BF4B-00C04F79EFBC}") = "AuthService.Domain", "AuthService.Domain\AuthService.Domain.csproj", "{EA36F89A-2C54-4E0F-BB0F-18881465F76D}"
EndProject
Project("{FAE04EC0-301F-11D3-BF4B-00C04F79EFBC}") = "AuthService.Application", "AuthService.Application\AuthService.Application.csproj", "{930F9E62-8E68-42B7-A431-FB5D91DE2234}"
EndProject
Project("{FAE04EC0-301F-11D3-BF4B-00C04F79EFBC}") = "AuthService.Infra", "AuthService.Infra\AuthService.Infra.csproj", "{E5C66469-2282-4475-8698-1C3726706E81}"
EndProject
Project("{FAE04EC0-301F-11D3-BF4B-00C04F79EFBC}") = "AuthService.WebAPI", "AuthService.WebAPI\AuthService.WebAPI.csproj", "{734F2162-1121-4CDA-B52A-EF8F2A8A3AAC}"
EndProject
Global
	GlobalSection(SolutionConfigurationPlatforms) = preSolution
		Debug|Any CPU = Debug|Any CPU
		Release|Any CPU = Release|Any CPU
	EndGlobalSection
	GlobalSection(ProjectConfigurationPlatforms) = postSolution
		{EFA47416-11A2-4BC3-AA06-949B300DE365}.Debug|Any CPU.ActiveCfg = Debug|Any CPU
		{EFA47416-11A2-4BC3-AA06-949B300DE365}.Debug|Any CPU.Build.0 = Debug|Any CPU
		{EFA47416-11A2-4BC3-AA06-949B300DE365}.Release|Any CPU.ActiveCfg = Release|Any CPU
		{EFA47416-11A2-4BC3-AA06-949B300DE365}.Release|Any CPU.Build.0 = Release|Any CPU
		{55CF2AAD-1D68-45BB-BD2A-15F30362532B}.Debug|Any CPU.ActiveCfg = Debug|Any CPU
		{55CF2AAD-1D68-45BB-BD2A-15F30362532B}.Debug|Any CPU.Build.0 = Debug|Any CPU
		{55CF2AAD-1D68-45BB-BD2A-15F30362532B}.Release|Any CPU.ActiveCfg = Release|Any CPU
		{55CF2AAD-1D68-45BB-BD2A-15F30362532B}.Release|Any CPU.Build.0 = Release|Any CPU
		{8C27F126-5033-4C3D-A575-385ED7B30190}.Debug|Any CPU.ActiveCfg = Debug|Any CPU
		{8C27F126-5033-4C3D-A575-385ED7B30190}.Debug|Any CPU.Build.0 = Debug|Any CPU
		{8C27F126-5033-4C3D-A575-385ED7B30190}.Release|Any CPU.ActiveCfg = Release|Any CPU
		{8C27F126-5033-4C3D-A575-385ED7B30190}.Release|Any CPU.Build.0 = Release|Any CPU
		{E977975C-452A-4C3A-A6DF-B5DEB2938E05}.Debug|Any CPU.ActiveCfg = Debug|Any CPU
		{E977975C-452A-4C3A-A6DF-B5DEB2938E05}.Debug|Any CPU.Build.0 = Debug|Any CPU
		{E977975C-452A-4C3A-A6DF-B5DEB2938E05}.Release|Any CPU.ActiveCfg = Release|Any CPU
		{E977975C-452A-4C3A-A6DF-B5DEB2938E05}.Release|Any CPU.Build.0 = Release|Any CPU
		{4358E8AC-EF8A-4F0B-8C60-9724F6F999D5}.Debug|Any CPU.ActiveCfg = Debug|Any CPU
		{4358E8AC-EF8A-4F0B-8C60-9724F6F999D5}.Debug|Any CPU.Build.0 = Debug|Any CPU
		{4358E8AC-EF8A-4F0B-8C60-9724F6F999D5}.Release|Any CPU.ActiveCfg = Release|Any CPU
		{4358E8AC-EF8A-4F0B-8C60-9724F6F999D5}.Release|Any CPU.Build.0 = Release|Any CPU
		{C23F00A9-F5D3-4D20-BAE3-47435AB96631}.Debug|Any CPU.ActiveCfg = Debug|Any CPU
		{C23F00A9-F5D3-4D20-BAE3-47435AB96631}.Debug|Any CPU.Build.0 = Debug|Any CPU
		{C23F00A9-F5D3-4D20-BAE3-47435AB96631}.Release|Any CPU.ActiveCfg = Release|Any CPU
		{C23F00A9-F5D3-4D20-BAE3-47435AB96631}.Release|Any CPU.Build.0 = Release|Any CPU
		{8A3C9802-14BD-4B51-B6AE-1AF76581EB2B}.Debug|Any CPU.ActiveCfg = Debug|Any CPU
		{8A3C9802-14BD-4B51-B6AE-1AF76581EB2B}.Debug|Any CPU.Build.0 = Debug|Any CPU
		{8A3C9802-14BD-4B51-B6AE-1AF76581EB2B}.Release|Any CPU.ActiveCfg = Release|Any CPU
		{8A3C9802-14BD-4B51-B6AE-1AF76581EB2B}.Release|Any CPU.Build.0 = Release|Any CPU
		{9F1351EB-7F68-4AE2-B024-F8E8A1154854}.Debug|Any CPU.ActiveCfg = Debug|Any CPU
		{9F1351EB-7F68-4AE2-B024-F8E8A1154854}.Debug|Any CPU.Build.0 = Debug|Any CPU
		{9F1351EB-7F68-4AE2-B024-F8E8A1154854}.Release|Any CPU.ActiveCfg = Release|Any CPU
		{9F1351EB-7F68-4AE2-B024-F8E8A1154854}.Release|Any CPU.Build.0 = Release|Any CPU
		{EA36F89A-2C54-4E0F-BB0F-18881465F76D}.Debug|Any CPU.ActiveCfg = Debug|Any CPU
		{EA36F89A-2C54-4E0F-BB0F-18881465F76D}.Debug|Any CPU.Build.0 = Debug|Any CPU
		{EA36F89A-2C54-4E0F-BB0F-18881465F76D}.Release|Any CPU.ActiveCfg = Release|Any CPU
		{EA36F89A-2C54-4E0F-BB0F-18881465F76D}.Release|Any CPU.Build.0 = Release|Any CPU
		{930F9E62-8E68-42B7-A431-FB5D91DE2234}.Debug|Any CPU.ActiveCfg = Debug|Any CPU
		{930F9E62-8E68-42B7-A431-FB5D91DE2234}.Debug|Any CPU.Build.0 = Debug|Any CPU
		{930F9E62-8E68-42B7-A431-FB5D91DE2234}.Release|Any CPU.ActiveCfg = Release|Any CPU
		{930F9E62-8E68-42B7-A431-FB5D91DE2234}.Release|Any CPU.Build.0 = Release|Any CPU
		{E5C66469-2282-4475-8698-1C3726706E81}.Debug|Any CPU.ActiveCfg = Debug|Any CPU
		{E5C66469-2282-4475-8698-1C3726706E81}.Debug|Any CPU.Build.0 = Debug|Any CPU
		{E5C66469-2282-4475-8698-1C3726706E81}.Release|Any CPU.ActiveCfg = Release|Any CPU
		{E5C66469-2282-4475-8698-1C3726706E81}.Release|Any CPU.Build.0 = Release|Any CPU
		{734F2162-1121-4CDA-B52A-EF8F2A8A3AAC}.Debug|Any CPU.ActiveCfg = Debug|Any CPU
		{734F2162-1121-4CDA-B52A-EF8F2A8A3AAC}.Debug|Any CPU.Build.0 = Debug|Any CPU
		{734F2162-1121-4CDA-B52A-EF8F2A8A3AAC}.Release|Any CPU.ActiveCfg = Release|Any CPU
		{734F2162-1121-4CDA-B52A-EF8F2A8A3AAC}.Release|Any CPU.Build.0 = Release|Any CPU
	EndGlobalSection
	GlobalSection(SolutionProperties) = preSolution
		HideSolutionNode = FALSE
	EndGlobalSection
	GlobalSection(NestedProjects) = preSolution
		{EFA47416-11A2-4BC3-AA06-949B300DE365} = {02EA681E-C7D8-13C7-8484-4AC65E1B71E8}
		{55CF2AAD-1D68-45BB-BD2A-15F30362532B} = {02EA681E-C7D8-13C7-8484-4AC65E1B71E8}
		{8C27F126-5033-4C3D-A575-385ED7B30190} = {02EA681E-C7D8-13C7-8484-4AC65E1B71E8}
		{E977975C-452A-4C3A-A6DF-B5DEB2938E05} = {B78D0B8D-06F5-4747-8481-884E0852DC63}
		{4358E8AC-EF8A-4F0B-8C60-9724F6F999D5} = {B78D0B8D-06F5-4747-8481-884E0852DC63}
		{C23F00A9-F5D3-4D20-BAE3-47435AB96631} = {B78D0B8D-06F5-4747-8481-884E0852DC63}
		{8A3C9802-14BD-4B51-B6AE-1AF76581EB2B} = {02EA681E-C7D8-13C7-8484-4AC65E1B71E8}
		{9F1351EB-7F68-4AE2-B024-F8E8A1154854} = {B78D0B8D-06F5-4747-8481-884E0852DC63}
		{EA36F89A-2C54-4E0F-BB0F-18881465F76D} = {A05B3C5D-8008-43E9-A0E0-7AF7338445E1}
		{930F9E62-8E68-42B7-A431-FB5D91DE2234} = {A05B3C5D-8008-43E9-A0E0-7AF7338445E1}
		{E5C66469-2282-4475-8698-1C3726706E81} = {A05B3C5D-8008-43E9-A0E0-7AF7338445E1}
		{734F2162-1121-4CDA-B52A-EF8F2A8A3AAC} = {A05B3C5D-8008-43E9-A0E0-7AF7338445E1}
	EndGlobalSection
	GlobalSection(ExtensibilityGlobals) = postSolution
		SolutionGuid = {5E639098-202F-4B34-9B75-5FAB7F2C894A}
	EndGlobalSection
EndGlobal
